lockfileVersion: '6.0'

settings:
  autoInstallPeers: true
  excludeLinksFromLockfile: false

importers:

  .:
    devDependencies:
      turbo:
        specifier: 1.10.6
        version: 1.10.6

packages:

  /turbo-darwin-64@1.10.6:
    resolution: {integrity: sha512-s2Gc7i9Ud+H9GDcrGJjPIyscJfzDGQ6il4Sl2snfvwngJs4/TaqKuBoX3HNt/7F4NiFRs7ZhlLV1/Yu9zGBRhw==}
    cpu: [x64]
    os: [darwin]
    requiresBuild: true
    dev: true
    optional: true

  /turbo-darwin-arm64@1.10.6:
    resolution: {integrity: sha512-tgl70t5PBLyRcNTdP9N6NjvdvQ5LUk8Z60JGUhBhnc+oCOdA4pltrDJNPyel3tQAXXt1dDpl8pp9vUrbwoVyGg==}
    cpu: [arm64]
    os: [darwin]
    requiresBuild: true
    dev: true
    optional: true

  /turbo-linux-64@1.10.6:
    resolution: {integrity: sha512-h7eyAA3xtAVpamcYJYUwe0xm0LWdbv7/I7QiM09AZ67TTNpyUgqW8giFN3h793BHEQ2Rcnk9FNkpIbjWBbyamg==}
    cpu: [x64]
    os: [linux]
    requiresBuild: true
    dev: true
    optional: true

  /turbo-linux-arm64@1.10.6:
    resolution: {integrity: sha512-8cZhOeLqu3QZ27yLd6bw4FNaB8y5pLdWeRLJeiWHkIb/cptKnRKJFP+keBJzJi8ovaMqdBpabrxiBRN2lhau5Q==}
    cpu: [arm64]
    os: [linux]
    requiresBuild: true
    dev: true
    optional: true

  /turbo-windows-64@1.10.6:
    resolution: {integrity: sha512-qx5jcfCJodN1Mh0KtSVQau7pK8CxDvtif7+joPHI2HbQPAADgdUl0LHfA5tFHh6aWgfvhxbvIXqJd6v7Mqkj9g==}
    cpu: [x64]
    os: [win32]
    requiresBuild: true
    dev: true
    optional: true

  /turbo-windows-arm64@1.10.6:
    resolution: {integrity: sha512-vTQaRG3/s2XTreOBr6J9HKFtjzusvwGQg0GtuW2+9Z7fizdzP8MuhaDbN6FhKHcWC81PQPD61TBIKTVTsYOEZg==}
    cpu: [arm64]
    os: [win32]
    requiresBuild: true
    dev: true
    optional: true

  /turbo@1.10.6:
    resolution: {integrity: sha512-0/wbjw4HvmPP1abVWHTdeFRfCA9cn5oxCPP5bDixagLzvDgGWE3xfdlsyGmq779Ekr9vjtDPgC2Y4JlXEhyryw==}
    hasBin: true
    requiresBuild: true
    optionalDependencies:
      turbo-darwin-64: 1.10.6
      turbo-darwin-arm64: 1.10.6
      turbo-linux-64: 1.10.6
      turbo-linux-arm64: 1.10.6
      turbo-windows-64: 1.10.6
      turbo-windows-arm64: 1.10.6
    dev: true
